
Microsoft Visual Studio Solution File, Format Version 12.00
# Visual Studio Version 17
VisualStudioVersion = 17.8.34511.84
MinimumVisualStudioVersion = 10.0.40219.1
Project("{FAE04EC0-301F-11D3-BF4B-00C04F79EFBC}") = "DemoCSharpBase", "DemoCSharpBase\DemoCSharpBase.csproj", "{5AD159F9-FE0A-4656-804A-1DA84F6428AD}"
EndProject
Global
	GlobalSection(SolutionConfigurationPlatforms) = preSolution
		Debug|Any CPU = Debug|Any CPU
		Release|Any CPU = Release|Any CPU
	EndGlobalSection
	GlobalSection(ProjectConfigurationPlatforms) = postSolution
		{5AD159F9-FE0A-4656-804A-1DA84F6428AD}.Debug|Any CPU.ActiveCfg = Debug|Any CPU
		{5AD159F9-FE0A-4656-804A-1DA84F6428AD}.Debug|Any CPU.Build.0 = Debug|Any CPU
		{5AD159F9-FE0A-4656-804A-1DA84F6428AD}.Release|Any CPU.ActiveCfg = Release|Any CPU
		{5AD159F9-FE0A-4656-804A-1DA84F6428AD}.Release|Any CPU.Build.0 = Release|Any CPU
	EndGlobalSection
	GlobalSection(SolutionProperties) = preSolution
		HideSolutionNode = FALSE
	EndGlobalSection
	GlobalSection(ExtensibilityGlobals) = postSolution
		SolutionGuid = {5CD7D072-0D4B-4717-8133-03E9F400C334}
	EndGlobalSection
EndGlobal
